
Microsoft Visual Studio Solution File, Format Version 12.00
# Visual Studio Version 17
VisualStudioVersion = 17.5.002.0
MinimumVisualStudioVersion = 10.0.40219.1
Project("{9A19103F-16F7-4668-BE54-9A1E7A4F7556}") = "ArrayString", "ArrayString\ArrayString.csproj", "{C69E8C8C-13C0-47DD-ADDE-F3CE4B6055D3}"
EndProject
Global
	GlobalSection(SolutionConfigurationPlatforms) = preSolution
		Debug|Any CPU = Debug|Any CPU
		Release|Any CPU = Release|Any CPU
	EndGlobalSection
	GlobalSection(ProjectConfigurationPlatforms) = postSolution
		{C69E8C8C-13C0-47DD-ADDE-F3CE4B6055D3}.Debug|Any CPU.ActiveCfg = Debug|Any CPU
		{C69E8C8C-13C0-47DD-ADDE-F3CE4B6055D3}.Debug|Any CPU.Build.0 = Debug|Any CPU
		{C69E8C8C-13C0-47DD-ADDE-F3CE4B6055D3}.Release|Any CPU.ActiveCfg = Release|Any CPU
		{C69E8C8C-13C0-47DD-ADDE-F3CE4B6055D3}.Release|Any CPU.Build.0 = Release|Any CPU
	EndGlobalSection
	GlobalSection(SolutionProperties) = preSolution
		HideSolutionNode = FALSE
	EndGlobalSection
	GlobalSection(ExtensibilityGlobals) = postSolution
		SolutionGuid = {E0B275A8-6BD1-4CA0-9AE6-B79F75BE7935}
	EndGlobalSection
EndGlobal
